
Microsoft Visual Studio Solution File, Format Version 12.00
# Visual Studio 15
VisualStudioVersion = 15.0.28010.0
MinimumVisualStudioVersion = 10.0.40219.1
Project("{9A19103F-16F7-4668-BE54-9A1E7A4F7556}") = "BlackJack.DataAcсessLayer", "BlackJack.DataAcessLayer\BlackJack.DataAcсessLayer.csproj", "{24C78D32-71B8-42CF-BD33-3C6D5B8F670C}"
EndProject
Project("{9A19103F-16F7-4668-BE54-9A1E7A4F7556}") = "BlackJack.BusinessLogicLayer", "BlackJack.BusinessLogicLayer\BlackJack.BusinessLogicLayer.csproj", "{0B75E634-7934-4492-89D5-9BE5B759CEE9}"
	ProjectSection(ProjectDependencies) = postProject
		{1B4EFC31-4771-4F0E-BDC0-F0F906320431} = {1B4EFC31-4771-4F0E-BDC0-F0F906320431}
	EndProjectSection
EndProject
Project("{9A19103F-16F7-4668-BE54-9A1E7A4F7556}") = "BlackJack.UI", "UI\BlackJack.UI.csproj", "{B33AF45F-FF03-4F07-A59A-27D6726AABD2}"
EndProject
Project("{FAE04EC0-301F-11D3-BF4B-00C04F79EFBC}") = "BlackJack.ViewModels", "BlackJack.ViewModels\BlackJack.ViewModels.csproj", "{1B4EFC31-4771-4F0E-BDC0-F0F906320431}"
	ProjectSection(ProjectDependencies) = postProject
		{24C78D32-71B8-42CF-BD33-3C6D5B8F670C} = {24C78D32-71B8-42CF-BD33-3C6D5B8F670C}
	EndProjectSection
EndProject
Global
	GlobalSection(SolutionConfigurationPlatforms) = preSolution
		Debug|Any CPU = Debug|Any CPU
		Release|Any CPU = Release|Any CPU
	EndGlobalSection
	GlobalSection(ProjectConfigurationPlatforms) = postSolution
		{24C78D32-71B8-42CF-BD33-3C6D5B8F670C}.Debug|Any CPU.ActiveCfg = Debug|Any CPU
		{24C78D32-71B8-42CF-BD33-3C6D5B8F670C}.Debug|Any CPU.Build.0 = Debug|Any CPU
		{24C78D32-71B8-42CF-BD33-3C6D5B8F670C}.Release|Any CPU.ActiveCfg = Release|Any CPU
		{24C78D32-71B8-42CF-BD33-3C6D5B8F670C}.Release|Any CPU.Build.0 = Release|Any CPU
		{0B75E634-7934-4492-89D5-9BE5B759CEE9}.Debug|Any CPU.ActiveCfg = Debug|Any CPU
		{0B75E634-7934-4492-89D5-9BE5B759CEE9}.Debug|Any CPU.Build.0 = Debug|Any CPU
		{0B75E634-7934-4492-89D5-9BE5B759CEE9}.Release|Any CPU.ActiveCfg = Release|Any CPU
		{0B75E634-7934-4492-89D5-9BE5B759CEE9}.Release|Any CPU.Build.0 = Release|Any CPU
		{B33AF45F-FF03-4F07-A59A-27D6726AABD2}.Debug|Any CPU.ActiveCfg = Debug|Any CPU
		{B33AF45F-FF03-4F07-A59A-27D6726AABD2}.Debug|Any CPU.Build.0 = Debug|Any CPU
		{B33AF45F-FF03-4F07-A59A-27D6726AABD2}.Release|Any CPU.ActiveCfg = Release|Any CPU
		{B33AF45F-FF03-4F07-A59A-27D6726AABD2}.Release|Any CPU.Build.0 = Release|Any CPU
		{1B4EFC31-4771-4F0E-BDC0-F0F906320431}.Debug|Any CPU.ActiveCfg = Debug|Any CPU
		{1B4EFC31-4771-4F0E-BDC0-F0F906320431}.Debug|Any CPU.Build.0 = Debug|Any CPU
		{1B4EFC31-4771-4F0E-BDC0-F0F906320431}.Release|Any CPU.ActiveCfg = Release|Any CPU
		{1B4EFC31-4771-4F0E-BDC0-F0F906320431}.Release|Any CPU.Build.0 = Release|Any CPU
	EndGlobalSection
	GlobalSection(SolutionProperties) = preSolution
		HideSolutionNode = FALSE
	EndGlobalSection
	GlobalSection(ExtensibilityGlobals) = postSolution
		SolutionGuid = {5A42B905-9703-4AB2-ACCB-5CEAC8D69E51}
	EndGlobalSection
EndGlobal
